
Microsoft Visual Studio Solution File, Format Version 12.00
# Visual Studio Version 17
VisualStudioVersion = 17.8.34511.84
MinimumVisualStudioVersion = 10.0.40219.1
Project("{FAE04EC0-301F-11D3-BF4B-00C04F79EFBC}") = "UnSanitary", "UnSanitary.csproj", "{1DD8F355-C105-457A-9096-25F66B59B876}"
EndProject
Global
	GlobalSection(SolutionConfigurationPlatforms) = preSolution
		Debug|Any CPU = Debug|Any CPU
		Release|Any CPU = Release|Any CPU
	EndGlobalSection
	GlobalSection(ProjectConfigurationPlatforms) = postSolution
		{1DD8F355-C105-457A-9096-25F66B59B876}.Debug|Any CPU.ActiveCfg = Debug|Any CPU
		{1DD8F355-C105-457A-9096-25F66B59B876}.Debug|Any CPU.Build.0 = Debug|Any CPU
		{1DD8F355-C105-457A-9096-25F66B59B876}.Release|Any CPU.ActiveCfg = Release|Any CPU
		{1DD8F355-C105-457A-9096-25F66B59B876}.Release|Any CPU.Build.0 = Release|Any CPU
	EndGlobalSection
	GlobalSection(SolutionProperties) = preSolution
		HideSolutionNode = FALSE
	EndGlobalSection
	GlobalSection(ExtensibilityGlobals) = postSolution
		SolutionGuid = {8FCF7128-C99B-480E-865B-129D5E6E2E94}
	EndGlobalSection
EndGlobal
